{
  "name": "bfstats-api",
  "lockfileVersion": 2,
  "requires": true,
  "packages": {
    "": {
      "dependencies": {
        "@nora-soderlund/cloudflare-d1-backups": "^0.9.22",
        "hono": "^3.3.3",
        "zod": "^3.21.4"
      },
      "devDependencies": {
        "@cloudflare/workers-types": "^4.20230717.1"
      }
    },
    "node_modules/@cloudflare/workers-types": {
      "version": "4.20230717.1",
      "resolved": "https://registry.npmjs.org/@cloudflare/workers-types/-/workers-types-4.20230717.1.tgz",
      "integrity": "sha512-JmtYqsn/rc0gq83rlgItGsh/aJsTQh6ebJTDbq794kGOH7ym6MlpLtbCJj/Qz+hCPgdqoHDOLTlQQguARLi78A==",
      "dev": true
    },
    "node_modules/@nora-soderlund/cloudflare-d1-backups": {
      "version": "0.9.22",
      "resolved": "https://registry.npmjs.org/@nora-soderlund/cloudflare-d1-backups/-/cloudflare-d1-backups-0.9.22.tgz",
      "integrity": "sha512-HdDJ8LFxneZPj+LldTSPwkcGUtyhyR4118iZm1RCkZd/6QkXSU9mKBgmjuthI1EoobDWXuVZ558I1e+vStIuEw==",
      "dependencies": {
        "@nora-soderlund/cloudflare-d1-backups": "^0.9.3"
      }
    },
    "node_modules/hono": {
      "version": "3.3.3",
      "resolved": "https://registry.npmjs.org/hono/-/hono-3.3.3.tgz",
      "integrity": "sha512-k/KQw4GVvyJJT/qgbpLCeRSe7JT4USWkQkzXDNsRMbpWrrncT2Dj2rQQObDxnYZOYziZickgXvJHy+wuxsaunA==",
      "engines": {
        "node": ">=16.0.0"
      }
    },
    "node_modules/zod": {
      "version": "3.21.4",
      "resolved": "https://registry.npmjs.org/zod/-/zod-3.21.4.tgz",
      "integrity": "sha512-m46AKbrzKVzOzs/DZgVnG5H55N1sv1M8qZU3A8RIKbs3mrACDNeIOeilDymVb2HdmP8uwshOCF4uJ8uM9rCqJw==",
      "funding": {
        "url": "https://github.com/sponsors/colinhacks"
      }
    }
  },
  "dependencies": {
    "@cloudflare/workers-types": {
      "version": "4.20230717.1",
      "resolved": "https://registry.npmjs.org/@cloudflare/workers-types/-/workers-types-4.20230717.1.tgz",
      "integrity": "sha512-JmtYqsn/rc0gq83rlgItGsh/aJsTQh6ebJTDbq794kGOH7ym6MlpLtbCJj/Qz+hCPgdqoHDOLTlQQguARLi78A==",
      "dev": true
    },
    "@nora-soderlund/cloudflare-d1-backups": {
      "version": "0.9.22",
      "resolved": "https://registry.npmjs.org/@nora-soderlund/cloudflare-d1-backups/-/cloudflare-d1-backups-0.9.22.tgz",
      "integrity": "sha512-HdDJ8LFxneZPj+LldTSPwkcGUtyhyR4118iZm1RCkZd/6QkXSU9mKBgmjuthI1EoobDWXuVZ558I1e+vStIuEw==",
      "requires": {
        "@nora-soderlund/cloudflare-d1-backups": "^0.9.3"
      }
    },
    "hono": {
      "version": "3.3.3",
      "resolved": "https://registry.npmjs.org/hono/-/hono-3.3.3.tgz",
      "integrity": "sha512-k/KQw4GVvyJJT/qgbpLCeRSe7JT4USWkQkzXDNsRMbpWrrncT2Dj2rQQObDxnYZOYziZickgXvJHy+wuxsaunA=="
    },
    "zod": {
      "version": "3.21.4",
      "resolved": "https://registry.npmjs.org/zod/-/zod-3.21.4.tgz",
      "integrity": "sha512-m46AKbrzKVzOzs/DZgVnG5H55N1sv1M8qZU3A8RIKbs3mrACDNeIOeilDymVb2HdmP8uwshOCF4uJ8uM9rCqJw=="
    }
  }
}
